<?xml version="1.0" encoding="utf-8"?>
<Project ToolsVersion="17.0" xmlns="http://schemas.microsoft.com/developer/msbuild/2003">
  <ItemGroup>
    <ClCompile Include="C:\Users\smbea\OneDrive\personal-files\projects\dashboard_sim\color\src\color.cpp">
      <Filter>Source Files</Filter>
    </ClCompile>
  </ItemGroup>
  <ItemGroup>
    <ClInclude Include="C:\Users\smbea\OneDrive\personal-files\projects\dashboard_sim\color\headers\color.hpp">
      <Filter>Header Files</Filter>
    </ClInclude>
  </ItemGroup>
  <ItemGroup>
    <CustomBuild Include="C:\Users\smbea\OneDrive\personal-files\projects\dashboard_sim\color\CMakeLists.txt" />
  </ItemGroup>
  <ItemGroup>
    <Filter Include="Header Files">
      <UniqueIdentifier>{D8AF7A70-22C4-35ED-9C2B-901E239B1259}</UniqueIdentifier>
    </Filter>
    <Filter Include="Source Files">
      <UniqueIdentifier>{2E0207A9-65D4-3A5E-A3A3-8CB9DD8456C1}</UniqueIdentifier>
    </Filter>
  </ItemGroup>
</Project>
